// !$*UTF8*$!
{
	archiveVersion = 1;
	classes = {
	};
	objectVersion = 46;
	objects = {

/* Begin PBXBuildFile section */
		E21D1BF71B65D4AD004AC591 /* AppDelegate.swift in Sources */ = {isa = PBXBuildFile; fileRef = E21D1BF61B65D4AD004AC591 /* AppDelegate.swift */; };
		E21D1BF91B65D4AD004AC591 /* ViewController.swift in Sources */ = {isa = PBXBuildFile; fileRef = E21D1BF81B65D4AD004AC591 /* ViewController.swift */; };
		E21D1BFC1B65D4AD004AC591 /* Main.storyboard in Resources */ = {isa = PBXBuildFile; fileRef = E21D1BFA1B65D4AD004AC591 /* Main.storyboard */; };
		E21D1BFE1B65D4AD004AC591 /* Images.xcassets in Resources */ = {isa = PBXBuildFile; fileRef = E21D1BFD1B65D4AD004AC591 /* Images.xcassets */; };
		E21D1C011B65D4AD004AC591 /* LaunchScreen.xib in Resources */ = {isa = PBXBuildFile; fileRef = E21D1BFF1B65D4AD004AC591 /* LaunchScreen.xib */; };
		E21D1C0D1B65D4AD004AC591 /* Happy_Face_EmjiTests.swift in Sources */ = {isa = PBXBuildFile; fileRef = E21D1C0C1B65D4AD004AC591 /* Happy_Face_EmjiTests.swift */; };
/* End PBXBuildFile section */

/* Begin PBXContainerItemProxy section */
		E21D1C071B65D4AD004AC591 /* PBXContainerItemProxy */ = {
			isa = PBXContainerItemProxy;
			containerPortal = E21D1BE91B65D4AD004AC591 /* Project object */;
			proxyType = 1;
			remoteGlobalIDString = E21D1BF01B65D4AD004AC591;
			remoteInfo = "Happy Face Emji";
		};
/* End PBXContainerItemProxy section */

/* Begin PBXFileReference section */
		E21D1BF11B65D4AD004AC591 /* Happy Face Emji.app */ = {isa = PBXFileReference; explicitFileType = wrapper.application; includeInIndex = 0; path = "Happy Face Emji.app"; sourceTree = BUILT_PRODUCTS_DIR; };
		E21D1BF51B65D4AD004AC591 /* Info.plist */ = {isa = PBXFileReference; lastKnownFileType = text.plist.xml; path = Info.plist; sourceTree = "<group>"; };
		E21D1BF61B65D4AD004AC591 /* AppDelegate.swift */ = {isa = PBXFileReference; lastKnownFileType = sourcecode.swift; path = AppDelegate.swift; sourceTree = "<group>"; };
		E21D1BF81B65D4AD004AC591 /* ViewController.swift */ = {isa = PBXFileReference; lastKnownFileType = sourcecode.swift; path = ViewController.swift; sourceTree = "<group>"; };
		E21D1BFB1B65D4AD004AC591 /* Base */ = {isa = PBXFileReference; lastKnownFileType = file.storyboard; name = Base; path = Base.lproj/Main.storyboard; sourceTree = "<group>"; };
		E21D1BFD1B65D4AD004AC591 /* Images.xcassets */ = {isa = PBXFileReference; lastKnownFileType = folder.assetcatalog; path = Images.xcassets; sourceTree = "<group>"; };
		E21D1C001B65D4AD004AC591 /* Base */ = {isa = PBXFileReference; lastKnownFileType = file.xib; name = Base; path = Base.lproj/LaunchScreen.xib; sourceTree = "<group>"; };
		E21D1C061B65D4AD004AC591 /* Happy Face EmjiTests.xctest */ = {isa = PBXFileReference; explicitFileType = wrapper.cfbundle; includeInIndex = 0; path = "Happy Face EmjiTests.xctest"; sourceTree = BUILT_PRODUCTS_DIR; };
		E21D1C0B1B65D4AD004AC591 /* Info.plist */ = {isa = PBXFileReference; lastKnownFileType = text.plist.xml; path = Info.plist; sourceTree = "<group>"; };
		E21D1C0C1B65D4AD004AC591 /* Happy_Face_EmjiTests.swift */ = {isa = PBXFileReference; lastKnownFileType = sourcecode.swift; path = Happy_Face_EmjiTests.swift; sourceTree = "<group>"; };
/* End PBXFileReference section */

/* Begin PBXFrameworksBuildPhase section */
		E21D1BEE1B65D4AD004AC591 /* Frameworks */ = {
			isa = PBXFrameworksBuildPhase;
			buildActionMask = 2147483647;
			files = (
			);
			runOnlyForDeploymentPostprocessing = 0;
		};
		E21D1C031B65D4AD004AC591 /* Frameworks */ = {
			isa = PBXFrameworksBuildPhase;
			buildActionMask = 2147483647;
			files = (
			);
			runOnlyForDeploymentPostprocessing = 0;
		};
/* End PBXFrameworksBuildPhase section */

/* Begin PBXGroup section */
		E21D1BE81B65D4AD004AC591 = {
			isa = PBXGroup;
			children = (
				E21D1BF31B65D4AD004AC591 /* Happy Face Emji */,
				E21D1C091B65D4AD004AC591 /* Happy Face EmjiTests */,
				E21D1BF21B65D4AD004AC591 /* Products */,
			);
			sourceTree = "<group>";
		};
		E21D1BF21B65D4AD004AC591 /* Products */ = {
			isa = PBXGroup;
			children = (
				E21D1BF11B65D4AD004AC591 /* Happy Face Emji.app */,
				E21D1C061B65D4AD004AC591 /* Happy Face EmjiTests.xctest */,
			);
			name = Products;
			sourceTree = "<group>";
		};
		E21D1BF31B65D4AD004AC591 /* Happy Face Emji */ = {
			isa = PBXGroup;
			children = (
				E21D1BF61B65D4AD004AC591 /* AppDelegate.swift */,
				E21D1BF81B65D4AD004AC591 /* ViewController.swift */,
				E21D1BFA1B65D4AD004AC591 /* Main.storyboard */,
				E21D1BFD1B65D4AD004AC591 /* Images.xcassets */,
				E21D1BFF1B65D4AD004AC591 /* LaunchScreen.xib */,
				E21D1BF41B65D4AD004AC591 /* Supporting Files */,
			);
			path = "Happy Face Emji";
			sourceTree = "<group>";
		};
		E21D1BF41B65D4AD004AC591 /* Supporting Files */ = {
			isa = PBXGroup;
			children = (
				E21D1BF51B65D4AD004AC591 /* Info.plist */,
			);
			name = "Supporting Files";
			sourceTree = "<group>";
		};
		E21D1C091B65D4AD004AC591 /* Happy Face EmjiTests */ = {
			isa = PBXGroup;
			children = (
				E21D1C0C1B65D4AD004AC591 /* Happy_Face_EmjiTests.swift */,
				E21D1C0A1B65D4AD004AC591 /* Supporting Files */,
			);
			path = "Happy Face EmjiTests";
			sourceTree = "<group>";
		};
		E21D1C0A1B65D4AD004AC591 /* Supporting Files */ = {
			isa = PBXGroup;
			children = (
				E21D1C0B1B65D4AD004AC591 /* Info.plist */,
			);
			name = "Supporting Files";
			sourceTree = "<group>";
		};
/* End PBXGroup section */

/* Begin PBXNativeTarget section */
		E21D1BF01B65D4AD004AC591 /* Happy Face Emji */ = {
			isa = PBXNativeTarget;
			buildConfigurationList = E21D1C101B65D4AD004AC591 /* Build configuration list for PBXNativeTarget "Happy Face Emji" */;
			buildPhases = (
				E21D1BED1B65D4AD004AC591 /* Sources */,
				E21D1BEE1B65D4AD004AC591 /* Frameworks */,
				E21D1BEF1B65D4AD004AC591 /* Resources */,
			);
			buildRules = (
			);
			dependencies = (
			);
			name = "Happy Face Emji";
			productName = "Happy Face Emji";
			productReference = E21D1BF11B65D4AD004AC591 /* Happy Face Emji.app */;
			productType = "com.apple.product-type.application";
		};
		E21D1C051B65D4AD004AC591 /* Happy Face EmjiTests */ = {
			isa = PBXNativeTarget;
			buildConfigurationList = E21D1C131B65D4AD004AC591 /* Build configuration list for PBXNativeTarget "Happy Face EmjiTests" */;
			buildPhases = (
				E21D1C021B65D4AD004AC591 /* Sources */,
				E21D1C031B65D4AD004AC591 /* Frameworks */,
				E21D1C041B65D4AD004AC591 /* Resources */,
			);
			buildRules = (
			);
			dependencies = (
				E21D1C081B65D4AD004AC591 /* PBXTargetDependency */,
			);
			name = "Happy Face EmjiTests";
			productName = "Happy Face EmjiTests";
			productReference = E21D1C061B65D4AD004AC591 /* Happy Face EmjiTests.xctest */;
			productType = "com.apple.product-type.bundle.unit-test";
		};
/* End PBXNativeTarget section */

/* Begin PBXProject section */
		E21D1BE91B65D4AD004AC591 /* Project object */ = {
			isa = PBXProject;
			attributes = {
				LastUpgradeCheck = 0640;
				ORGANIZATIONNAME = "Kalani Pettaway";
				TargetAttributes = {
					E21D1BF01B65D4AD004AC591 = {
						CreatedOnToolsVersion = 6.4;
					};
					E21D1C051B65D4AD004AC591 = {
						CreatedOnToolsVersion = 6.4;
						TestTargetID = E21D1BF01B65D4AD004AC591;
					};
				};
			};
			buildConfigurationList = E21D1BEC1B65D4AD004AC591 /* Build configuration list for PBXProject "Happy Face Emji" */;
			compatibilityVersion = "Xcode 3.2";
			developmentRegion = English;
			hasScannedForEncodings = 0;
			knownRegions = (
				en,
				Base,
			);
			mainGroup = E21D1BE81B65D4AD004AC591;
			productRefGroup = E21D1BF21B65D4AD004AC591 /* Products */;
			projectDirPath = "";
			projectRoot = "";
			targets = (
				E21D1BF01B65D4AD004AC591 /* Happy Face Emji */,
				E21D1C051B65D4AD004AC591 /* Happy Face EmjiTests */,
			);
		};
/* End PBXProject section */

/* Begin PBXResourcesBuildPhase section */
		E21D1BEF1B65D4AD004AC591 /* Resources */ = {
			isa = PBXResourcesBuildPhase;
			buildActionMask = 2147483647;
			files = (
				E21D1BFC1B65D4AD004AC591 /* Main.storyboard in Resources */,
				E21D1C011B65D4AD004AC591 /* LaunchScreen.xib in Resources */,
				E21D1BFE1B65D4AD004AC591 /* Images.xcassets in Resources */,
			);
			runOnlyForDeploymentPostprocessing = 0;
		};
		E21D1C041B65D4AD004AC591 /* Resources */ = {
			isa = PBXResourcesBuildPhase;
			buildActionMask = 2147483647;
			files = (
			);
			runOnlyForDeploymentPostprocessing = 0;
		};
/* End PBXResourcesBuildPhase section */

/* Begin PBXSourcesBuildPhase section */
		E21D1BED1B65D4AD004AC591 /* Sources */ = {
			isa = PBXSourcesBuildPhase;
			buildActionMask = 2147483647;
			files = (
				E21D1BF91B65D4AD004AC591 /* ViewController.swift in Sources */,
				E21D1BF71B65D4AD004AC591 /* AppDelegate.swift in Sources */,
			);
			runOnlyForDeploymentPostprocessing = 0;
		};
		E21D1C021B65D4AD004AC591 /* Sources */ = {
			isa = PBXSourcesBuildPhase;
			buildActionMask = 2147483647;
			files = (
				E21D1C0D1B65D4AD004AC591 /* Happy_Face_EmjiTests.swift in Sources */,
			);
			runOnlyForDeploymentPostprocessing = 0;
		};
/* End PBXSourcesBuildPhase section */

/* Begin PBXTargetDependency section */
		E21D1C081B65D4AD004AC591 /* PBXTargetDependency */ = {
			isa = PBXTargetDependency;
			target = E21D1BF01B65D4AD004AC591 /* Happy Face Emji */;
			targetProxy = E21D1C071B65D4AD004AC591 /* PBXContainerItemProxy */;
		};
/* End PBXTargetDependency section */

/* Begin PBXVariantGroup section */
		E21D1BFA1B65D4AD004AC591 /* Main.storyboard */ = {
			isa = PBXVariantGroup;
			children = (
				E21D1BFB1B65D4AD004AC591 /* Base */,
			);
			name = Main.storyboard;
			sourceTree = "<group>";
		};
		E21D1BFF1B65D4AD004AC591 /* LaunchScreen.xib */ = {
			isa = PBXVariantGroup;
			children = (
				E21D1C001B65D4AD004AC591 /* Base */,
			);
			name = LaunchScreen.xib;
			sourceTree = "<group>";
		};
/* End PBXVariantGroup section */

/* Begin XCBuildConfiguration section */
		E21D1C0E1B65D4AD004AC591 /* Debug */ = {
			isa = XCBuildConfiguration;
			buildSettings = {
				ALWAYS_SEARCH_USER_PATHS = NO;
				CLANG_CXX_LANGUAGE_STANDARD = "gnu++0x";
				CLANG_CXX_LIBRARY = "libc++";
				CLANG_ENABLE_MODULES = YES;
				CLANG_ENABLE_OBJC_ARC = YES;
				CLANG_WARN_BOOL_CONVERSION = YES;
				CLANG_WARN_CONSTANT_CONVERSION = YES;
				CLANG_WARN_DIRECT_OBJC_ISA_USAGE = YES_ERROR;
				CLANG_WARN_EMPTY_BODY = YES;
				CLANG_WARN_ENUM_CONVERSION = YES;
				CLANG_WARN_INT_CONVERSION = YES;
				CLANG_WARN_OBJC_ROOT_CLASS = YES_ERROR;
				CLANG_WARN_UNREACHABLE_CODE = YES;
				CLANG_WARN__DUPLICATE_METHOD_MATCH = YES;
				"CODE_SIGN_IDENTITY[sdk=iphoneos*]" = "iPhone Developer";
				COPY_PHASE_STRIP = NO;
				DEBUG_INFORMATION_FORMAT = "dwarf-with-dsym";
				ENABLE_STRICT_OBJC_MSGSEND = YES;
				GCC_C_LANGUAGE_STANDARD = gnu99;
				GCC_DYNAMIC_NO_PIC = NO;
				GCC_NO_COMMON_BLOCKS = YES;
				GCC_OPTIMIZATION_LEVEL = 0;
				GCC_PREPROCESSOR_DEFINITIONS = (
					"DEBUG=1",
					"$(inherited)",
				);
				GCC_SYMBOLS_PRIVATE_EXTERN = NO;
				GCC_WARN_64_TO_32_BIT_CONVERSION = YES;
				GCC_WARN_ABOUT_RETURN_TYPE = YES_ERROR;
				GCC_WARN_UNDECLARED_SELECTOR = YES;
				GCC_WARN_UNINITIALIZED_AUTOS = YES_AGGRESSIVE;
				GCC_WARN_UNUSED_FUNCTION = YES;
				GCC_WARN_UNUSED_VARIABLE = YES;
				IPHONEOS_DEPLOYMENT_TARGET = 8.4;
				MTL_ENABLE_DEBUG_INFO = YES;
				ONLY_ACTIVE_ARCH = YES;
				SDKROOT = iphoneos;
				SWIFT_OPTIMIZATION_LEVEL = "-Onone";
				TARGETED_DEVICE_FAMILY = "1,2";
			};
			name = Debug;
		};
		E21D1C0F1B65D4AD004AC591 /* Release */ = {
			isa = XCBuildConfiguration;
			buildSettings = {
				ALWAYS_SEARCH_USER_PATHS = NO;
				CLANG_CXX_LANGUAGE_STANDARD = "gnu++0x";
				CLANG_CXX_LIBRARY = "libc++";
				CLANG_ENABLE_MODULES = YES;
				CLANG_ENABLE_OBJC_ARC = YES;
				CLANG_WARN_BOOL_CONVERSION = YES;
				CLANG_WARN_CONSTANT_CONVERSION = YES;
				CLANG_WARN_DIRECT_OBJC_ISA_USAGE = YES_ERROR;
				CLANG_WARN_EMPTY_BODY = YES;
				CLANG_WARN_ENUM_CONVERSION = YES;
				CLANG_WARN_INT_CONVERSION = YES;
				CLANG_WARN_OBJC_ROOT_CLASS = YES_ERROR;
				CLANG_WARN_UNREACHABLE_CODE = YES;
				CLANG_WARN__DUPLICATE_METHOD_MATCH = YES;
				"CODE_SIGN_IDENTITY[sdk=iphoneos*]" = "iPhone Developer";
				COPY_PHASE_STRIP = NO;
				DEBUG_INFORMATION_FORMAT = "dwarf-with-dsym";
				ENABLE_NS_ASSERTIONS = NO;
				ENABLE_STRICT_OBJC_MSGSEND = YES;
				GCC_C_LANGUAGE_STANDARD = gnu99;
				GCC_NO_COMMON_BLOCKS = YES;
				GCC_WARN_64_TO_32_BIT_CONVERSION = YES;
				GCC_WARN_ABOUT_RETURN_TYPE = YES_ERROR;
				GCC_WARN_UNDECLARED_SELECTOR = YES;
				GCC_WARN_UNINITIALIZED_AUTOS = YES_AGGRESSIVE;
				GCC_WARN_UNUSED_FUNCTION = YES;
				GCC_WARN_UNUSED_VARIABLE = YES;
				IPHONEOS_DEPLOYMENT_TARGET = 8.4;
				MTL_ENABLE_DEBUG_INFO = NO;
				SDKROOT = iphoneos;
				TARGETED_DEVICE_FAMILY = "1,2";
				VALIDATE_PRODUCT = YES;
			};
			name = Release;
		};
		E21D1C111B65D4AD004AC591 /* Debug */ = {
			isa = XCBuildConfiguration;
			buildSettings = {
				ASSETCATALOG_COMPILER_APPICON_NAME = AppIcon;
				INFOPLIST_FILE = "Happy Face Emji/Info.plist";
				LD_RUNPATH_SEARCH_PATHS = "$(inherited) @executable_path/Frameworks";
				PRODUCT_NAME = "$(TARGET_NAME)";
			};
			name = Debug;
		};
		E21D1C121B65D4AD004AC591 /* Release */ = {
			isa = XCBuildConfiguration;
			buildSettings = {
				ASSETCATALOG_COMPILER_APPICON_NAME = AppIcon;
				INFOPLIST_FILE = "Happy Face Emji/Info.plist";
				LD_RUNPATH_SEARCH_PATHS = "$(inherited) @executable_path/Frameworks";
				PRODUCT_NAME = "$(TARGET_NAME)";
			};
			name = Release;
		};
		E21D1C141B65D4AD004AC591 /* Debug */ = {
			isa = XCBuildConfiguration;
			buildSettings = {
				BUNDLE_LOADER = "$(TEST_HOST)";
				FRAMEWORK_SEARCH_PATHS = (
					"$(SDKROOT)/Developer/Library/Frameworks",
					"$(inherited)",
				);
				GCC_PREPROCESSOR_DEFINITIONS = (
					"DEBUG=1",
					"$(inherited)",
				);
				INFOPLIST_FILE = "Happy Face EmjiTests/Info.plist";
				LD_RUNPATH_SEARCH_PATHS = "$(inherited) @executable_path/Frameworks @loader_path/Frameworks";
				PRODUCT_NAME = "$(TARGET_NAME)";
				TEST_HOST = "$(BUILT_PRODUCTS_DIR)/Happy Face Emji.app/Happy Face Emji";
			};
			name = Debug;
		};
		E21D1C151B65D4AD004AC591 /* Release */ = {
			isa = XCBuildConfiguration;
			buildSettings = {
				BUNDLE_LOADER = "$(TEST_HOST)";
				FRAMEWORK_SEARCH_PATHS = (
					"$(SDKROOT)/Developer/Library/Frameworks",
					"$(inherited)",
				);
				INFOPLIST_FILE = "Happy Face EmjiTests/Info.plist";
				LD_RUNPATH_SEARCH_PATHS = "$(inherited) @executable_path/Frameworks @loader_path/Frameworks";
				PRODUCT_NAME = "$(TARGET_NAME)";
				TEST_HOST = "$(BUILT_PRODUCTS_DIR)/Happy Face Emji.app/Happy Face Emji";
			};
			name = Release;
		};
/* End XCBuildConfiguration section */

/* Begin XCConfigurationList section */
		E21D1BEC1B65D4AD004AC591 /* Build configuration list for PBXProject "Happy Face Emji" */ = {
			isa = XCConfigurationList;
			buildConfigurations = (
				E21D1C0E1B65D4AD004AC591 /* Debug */,
				E21D1C0F1B65D4AD004AC591 /* Release */,
			);
			defaultConfigurationIsVisible = 0;
			defaultConfigurationName = Release;
		};
		E21D1C101B65D4AD004AC591 /* Build configuration list for PBXNativeTarget "Happy Face Emji" */ = {
			isa = XCConfigurationList;
			buildConfigurations = (
				E21D1C111B65D4AD004AC591 /* Debug */,
				E21D1C121B65D4AD004AC591 /* Release */,
			);
			defaultConfigurationIsVisible = 0;
		};
		E21D1C131B65D4AD004AC591 /* Build configuration list for PBXNativeTarget "Happy Face EmjiTests" */ = {
			isa = XCConfigurationList;
			buildConfigurations = (
				E21D1C141B65D4AD004AC591 /* Debug */,
				E21D1C151B65D4AD004AC591 /* Release */,
			);
			defaultConfigurationIsVisible = 0;
		};
/* End XCConfigurationList section */
	};
	rootObject = E21D1BE91B65D4AD004AC591 /* Project object */;
}
